// !$*UTF8*$!
{
	archiveVersion = 1;
	classes = {
	};
	objectVersion = 56;
	objects = {

/* Begin PBXBuildFile section */
		1B334D342A69A413007D7BA8 /* AppDelegate.swift in Sources */ = {isa = PBXBuildFile; fileRef = 1B334D332A69A413007D7BA8 /* AppDelegate.swift */; };
		1B334D362A69A413007D7BA8 /* SceneDelegate.swift in Sources */ = {isa = PBXBuildFile; fileRef = 1B334D352A69A413007D7BA8 /* SceneDelegate.swift */; };
		1B334D3D2A69A413007D7BA8 /* Assets.xcassets in Resources */ = {isa = PBXBuildFile; fileRef = 1B334D3C2A69A413007D7BA8 /* Assets.xcassets */; };
		1B334D402A69A413007D7BA8 /* LaunchScreen.storyboard in Resources */ = {isa = PBXBuildFile; fileRef = 1B334D3E2A69A413007D7BA8 /* LaunchScreen.storyboard */; };
		1B7383D22A6B1FC800EEBC5F /* SplashVM.swift in Sources */ = {isa = PBXBuildFile; fileRef = 1B7383D12A6B1FC800EEBC5F /* SplashVM.swift */; };
		1B7383D42A6B238B00EEBC5F /* SplashUseCase.swift in Sources */ = {isa = PBXBuildFile; fileRef = 1B7383D32A6B238B00EEBC5F /* SplashUseCase.swift */; };
		1B7383D62A6B267A00EEBC5F /* VMHelper.swift in Sources */ = {isa = PBXBuildFile; fileRef = 1B7383D52A6B267A00EEBC5F /* VMHelper.swift */; };
		1B9E280F2A6BC3C900BC652B /* OMDBApı.swift in Sources */ = {isa = PBXBuildFile; fileRef = 1B9E280E2A6BC3C900BC652B /* OMDBApı.swift */; };
		1B9E28112A6BC57E00BC652B /* SearchMovie.swift in Sources */ = {isa = PBXBuildFile; fileRef = 1B9E28102A6BC57E00BC652B /* SearchMovie.swift */; };
		1B9E28132A6BCBCF00BC652B /* SearchMovieVM.swift in Sources */ = {isa = PBXBuildFile; fileRef = 1B9E28122A6BCBCF00BC652B /* SearchMovieVM.swift */; };
		1B9E28152A6BCC4400BC652B /* SearchMovieUseCase.swift in Sources */ = {isa = PBXBuildFile; fileRef = 1B9E28142A6BCC4400BC652B /* SearchMovieUseCase.swift */; };
		1B9E28172A6BCC9E00BC652B /* SearchMovieBuilder.swift in Sources */ = {isa = PBXBuildFile; fileRef = 1B9E28162A6BCC9E00BC652B /* SearchMovieBuilder.swift */; };
		1B9E28192A6BCD2900BC652B /* SearchMovieProvider.swift in Sources */ = {isa = PBXBuildFile; fileRef = 1B9E28182A6BCD2900BC652B /* SearchMovieProvider.swift */; };
		1B9E281C2A6BCFED00BC652B /* RouterFlow.swift in Sources */ = {isa = PBXBuildFile; fileRef = 1B9E281B2A6BCFED00BC652B /* RouterFlow.swift */; };
		1B9E281F2A6BD4CF00BC652B /* Lottie in Frameworks */ = {isa = PBXBuildFile; productRef = 1B9E281E2A6BD4CF00BC652B /* Lottie */; };
		1BB183D92A69ACA5008F08C9 /* Coordinator.swift in Sources */ = {isa = PBXBuildFile; fileRef = 1BB183D82A69ACA5008F08C9 /* Coordinator.swift */; };
		1BB183DC2A69ADEC008F08C9 /* BaseNavigationController.swift in Sources */ = {isa = PBXBuildFile; fileRef = 1BB183DB2A69ADEC008F08C9 /* BaseNavigationController.swift */; };
		1BB183DE2A69AF02008F08C9 /* AppCoordinator.swift in Sources */ = {isa = PBXBuildFile; fileRef = 1BB183DD2A69AF02008F08C9 /* AppCoordinator.swift */; };
		1BB183E22A69BB5A008F08C9 /* NSObject+Ext.swift in Sources */ = {isa = PBXBuildFile; fileRef = 1BB183E12A69BB5A008F08C9 /* NSObject+Ext.swift */; };
		1BB183E42A69BBB6008F08C9 /* BaseViewController.swift in Sources */ = {isa = PBXBuildFile; fileRef = 1BB183E32A69BBB6008F08C9 /* BaseViewController.swift */; };
		1BB183E72A69BD67008F08C9 /* SplashVC.swift in Sources */ = {isa = PBXBuildFile; fileRef = 1BB183E52A69BD67008F08C9 /* SplashVC.swift */; };
		1BB183E82A69BD67008F08C9 /* SplashVC.xib in Resources */ = {isa = PBXBuildFile; fileRef = 1BB183E62A69BD67008F08C9 /* SplashVC.xib */; };
		1BB183EB2A69C5E4008F08C9 /* SearchMovieVC.swift in Sources */ = {isa = PBXBuildFile; fileRef = 1BB183E92A69C5E4008F08C9 /* SearchMovieVC.swift */; };
		1BB183EC2A69C5E4008F08C9 /* SearchMovieVC.xib in Resources */ = {isa = PBXBuildFile; fileRef = 1BB183EA2A69C5E4008F08C9 /* SearchMovieVC.xib */; };
		1BB183EE2A69C70C008F08C9 /* SplashBuilder.swift in Sources */ = {isa = PBXBuildFile; fileRef = 1BB183ED2A69C70C008F08C9 /* SplashBuilder.swift */; };
		1BB183F72A6B07E7008F08C9 /* Reachability in Frameworks */ = {isa = PBXBuildFile; productRef = 1BB183F62A6B07E7008F08C9 /* Reachability */; };
		1BB183F92A6B0806008F08C9 /* ReachabiltyManager.swift in Sources */ = {isa = PBXBuildFile; fileRef = 1BB183F82A6B0806008F08C9 /* ReachabiltyManager.swift */; };
/* End PBXBuildFile section */

/* Begin PBXFileReference section */
		1B334D302A69A413007D7BA8 /* OMDB.app */ = {isa = PBXFileReference; explicitFileType = wrapper.application; includeInIndex = 0; path = OMDB.app; sourceTree = BUILT_PRODUCTS_DIR; };
		1B334D332A69A413007D7BA8 /* AppDelegate.swift */ = {isa = PBXFileReference; lastKnownFileType = sourcecode.swift; path = AppDelegate.swift; sourceTree = "<group>"; };
		1B334D352A69A413007D7BA8 /* SceneDelegate.swift */ = {isa = PBXFileReference; lastKnownFileType = sourcecode.swift; path = SceneDelegate.swift; sourceTree = "<group>"; };
		1B334D3C2A69A413007D7BA8 /* Assets.xcassets */ = {isa = PBXFileReference; lastKnownFileType = folder.assetcatalog; path = Assets.xcassets; sourceTree = "<group>"; };
		1B334D3F2A69A413007D7BA8 /* Base */ = {isa = PBXFileReference; lastKnownFileType = file.storyboard; name = Base; path = Base.lproj/LaunchScreen.storyboard; sourceTree = "<group>"; };
		1B334D412A69A413007D7BA8 /* Info.plist */ = {isa = PBXFileReference; lastKnownFileType = text.plist.xml; path = Info.plist; sourceTree = "<group>"; };
		1B7383D12A6B1FC800EEBC5F /* SplashVM.swift */ = {isa = PBXFileReference; lastKnownFileType = sourcecode.swift; path = SplashVM.swift; sourceTree = "<group>"; };
		1B7383D32A6B238B00EEBC5F /* SplashUseCase.swift */ = {isa = PBXFileReference; lastKnownFileType = sourcecode.swift; path = SplashUseCase.swift; sourceTree = "<group>"; };
		1B7383D52A6B267A00EEBC5F /* VMHelper.swift */ = {isa = PBXFileReference; lastKnownFileType = sourcecode.swift; path = VMHelper.swift; sourceTree = "<group>"; };
		1B9E280E2A6BC3C900BC652B /* OMDBApı.swift */ = {isa = PBXFileReference; lastKnownFileType = sourcecode.swift; path = "OMDBApı.swift"; sourceTree = "<group>"; };
		1B9E28102A6BC57E00BC652B /* SearchMovie.swift */ = {isa = PBXFileReference; lastKnownFileType = sourcecode.swift; path = SearchMovie.swift; sourceTree = "<group>"; };
		1B9E28122A6BCBCF00BC652B /* SearchMovieVM.swift */ = {isa = PBXFileReference; lastKnownFileType = sourcecode.swift; path = SearchMovieVM.swift; sourceTree = "<group>"; };
		1B9E28142A6BCC4400BC652B /* SearchMovieUseCase.swift */ = {isa = PBXFileReference; lastKnownFileType = sourcecode.swift; path = SearchMovieUseCase.swift; sourceTree = "<group>"; };
		1B9E28162A6BCC9E00BC652B /* SearchMovieBuilder.swift */ = {isa = PBXFileReference; lastKnownFileType = sourcecode.swift; path = SearchMovieBuilder.swift; sourceTree = "<group>"; };
		1B9E28182A6BCD2900BC652B /* SearchMovieProvider.swift */ = {isa = PBXFileReference; lastKnownFileType = sourcecode.swift; path = SearchMovieProvider.swift; sourceTree = "<group>"; };
		1B9E281B2A6BCFED00BC652B /* RouterFlow.swift */ = {isa = PBXFileReference; lastKnownFileType = sourcecode.swift; path = RouterFlow.swift; sourceTree = "<group>"; };
		1BB183D82A69ACA5008F08C9 /* Coordinator.swift */ = {isa = PBXFileReference; lastKnownFileType = sourcecode.swift; path = Coordinator.swift; sourceTree = "<group>"; };
		1BB183DB2A69ADEC008F08C9 /* BaseNavigationController.swift */ = {isa = PBXFileReference; lastKnownFileType = sourcecode.swift; path = BaseNavigationController.swift; sourceTree = "<group>"; };
		1BB183DD2A69AF02008F08C9 /* AppCoordinator.swift */ = {isa = PBXFileReference; lastKnownFileType = sourcecode.swift; path = AppCoordinator.swift; sourceTree = "<group>"; };
		1BB183E12A69BB5A008F08C9 /* NSObject+Ext.swift */ = {isa = PBXFileReference; lastKnownFileType = sourcecode.swift; path = "NSObject+Ext.swift"; sourceTree = "<group>"; };
		1BB183E32A69BBB6008F08C9 /* BaseViewController.swift */ = {isa = PBXFileReference; lastKnownFileType = sourcecode.swift; path = BaseViewController.swift; sourceTree = "<group>"; };
		1BB183E52A69BD67008F08C9 /* SplashVC.swift */ = {isa = PBXFileReference; lastKnownFileType = sourcecode.swift; path = SplashVC.swift; sourceTree = "<group>"; };
		1BB183E62A69BD67008F08C9 /* SplashVC.xib */ = {isa = PBXFileReference; lastKnownFileType = file.xib; path = SplashVC.xib; sourceTree = "<group>"; };
		1BB183E92A69C5E4008F08C9 /* SearchMovieVC.swift */ = {isa = PBXFileReference; lastKnownFileType = sourcecode.swift; path = SearchMovieVC.swift; sourceTree = "<group>"; };
		1BB183EA2A69C5E4008F08C9 /* SearchMovieVC.xib */ = {isa = PBXFileReference; lastKnownFileType = file.xib; path = SearchMovieVC.xib; sourceTree = "<group>"; };
		1BB183ED2A69C70C008F08C9 /* SplashBuilder.swift */ = {isa = PBXFileReference; lastKnownFileType = sourcecode.swift; path = SplashBuilder.swift; sourceTree = "<group>"; };
		1BB183F82A6B0806008F08C9 /* ReachabiltyManager.swift */ = {isa = PBXFileReference; lastKnownFileType = sourcecode.swift; path = ReachabiltyManager.swift; sourceTree = "<group>"; };
/* End PBXFileReference section */

/* Begin PBXFrameworksBuildPhase section */
		1B334D2D2A69A413007D7BA8 /* Frameworks */ = {
			isa = PBXFrameworksBuildPhase;
			buildActionMask = 2147483647;
			files = (
				1BB183F72A6B07E7008F08C9 /* Reachability in Frameworks */,
				1B9E281F2A6BD4CF00BC652B /* Lottie in Frameworks */,
			);
			runOnlyForDeploymentPostprocessing = 0;
		};
/* End PBXFrameworksBuildPhase section */

/* Begin PBXGroup section */
		1B334D272A69A413007D7BA8 = {
			isa = PBXGroup;
			children = (
				1B334D322A69A413007D7BA8 /* OMDB */,
				1B334D312A69A413007D7BA8 /* Products */,
			);
			sourceTree = "<group>";
		};
		1B334D312A69A413007D7BA8 /* Products */ = {
			isa = PBXGroup;
			children = (
				1B334D302A69A413007D7BA8 /* OMDB.app */,
			);
			name = Products;
			sourceTree = "<group>";
		};
		1B334D322A69A413007D7BA8 /* OMDB */ = {
			isa = PBXGroup;
			children = (
				1B7383D72A6B292900EEBC5F /* Managers */,
				1B334D4A2A69A6A8007D7BA8 /* Coordinators */,
				1B334D4B2A69A6B7007D7BA8 /* Layers */,
				1B334D4C2A69A6C6007D7BA8 /* Utilities */,
				1B334D332A69A413007D7BA8 /* AppDelegate.swift */,
				1B334D352A69A413007D7BA8 /* SceneDelegate.swift */,
				1B334D3C2A69A413007D7BA8 /* Assets.xcassets */,
				1B334D3E2A69A413007D7BA8 /* LaunchScreen.storyboard */,
				1B334D412A69A413007D7BA8 /* Info.plist */,
			);
			path = OMDB;
			sourceTree = "<group>";
		};
		1B334D4A2A69A6A8007D7BA8 /* Coordinators */ = {
			isa = PBXGroup;
			children = (
				1B9E281A2A6BCFE000BC652B /* Router */,
				1BB183D82A69ACA5008F08C9 /* Coordinator.swift */,
				1BB183DD2A69AF02008F08C9 /* AppCoordinator.swift */,
			);
			path = Coordinators;
			sourceTree = "<group>";
		};
		1B334D4B2A69A6B7007D7BA8 /* Layers */ = {
			isa = PBXGroup;
			children = (
				1B334D4D2A69A6D9007D7BA8 /* Builder */,
				1B334D4F2A69A6FA007D7BA8 /* Data */,
				1B334D502A69A702007D7BA8 /* Domain */,
				1B334D4E2A69A6EF007D7BA8 /* Presentation */,
			);
			path = Layers;
			sourceTree = "<group>";
		};
		1B334D4C2A69A6C6007D7BA8 /* Utilities */ = {
			isa = PBXGroup;
			children = (
				1BB183DA2A69ADDE008F08C9 /* Base */,
				1B334D532A69A749007D7BA8 /* Extensions */,
				1B7383D52A6B267A00EEBC5F /* VMHelper.swift */,
			);
			path = Utilities;
			sourceTree = "<group>";
		};
		1B334D4D2A69A6D9007D7BA8 /* Builder */ = {
			isa = PBXGroup;
			children = (
				1BB183ED2A69C70C008F08C9 /* SplashBuilder.swift */,
				1B9E28162A6BCC9E00BC652B /* SearchMovieBuilder.swift */,
			);
			path = Builder;
			sourceTree = "<group>";
		};
		1B334D4E2A69A6EF007D7BA8 /* Presentation */ = {
			isa = PBXGroup;
			children = (
				1BB183F02A69CA74008F08C9 /* SearchMovie */,
				1BB183F12A69CA79008F08C9 /* MovieDetail */,
				1BB183EF2A69CA6E008F08C9 /* Splash */,
			);
			path = Presentation;
			sourceTree = "<group>";
		};
		1B334D4F2A69A6FA007D7BA8 /* Data */ = {
			isa = PBXGroup;
			children = (
				1B9E28102A6BC57E00BC652B /* SearchMovie.swift */,
			);
			path = Data;
			sourceTree = "<group>";
		};
		1B334D502A69A702007D7BA8 /* Domain */ = {
			isa = PBXGroup;
			children = (
				1B334D522A69A725007D7BA8 /* UseCase */,
				1B334D512A69A71E007D7BA8 /* DataStore */,
			);
			path = Domain;
			sourceTree = "<group>";
		};
		1B334D512A69A71E007D7BA8 /* DataStore */ = {
			isa = PBXGroup;
			children = (
			);
			path = DataStore;
			sourceTree = "<group>";
		};
		1B334D522A69A725007D7BA8 /* UseCase */ = {
			isa = PBXGroup;
			children = (
				1B7383D32A6B238B00EEBC5F /* SplashUseCase.swift */,
				1B9E28142A6BCC4400BC652B /* SearchMovieUseCase.swift */,
			);
			path = UseCase;
			sourceTree = "<group>";
		};
		1B334D532A69A749007D7BA8 /* Extensions */ = {
			isa = PBXGroup;
			children = (
				1BB183E12A69BB5A008F08C9 /* NSObject+Ext.swift */,
			);
			path = Extensions;
			sourceTree = "<group>";
		};
		1B7383D72A6B292900EEBC5F /* Managers */ = {
			isa = PBXGroup;
			children = (
				1BB183F82A6B0806008F08C9 /* ReachabiltyManager.swift */,
				1B9E280E2A6BC3C900BC652B /* OMDBApı.swift */,
			);
			path = Managers;
			sourceTree = "<group>";
		};
		1B9E281A2A6BCFE000BC652B /* Router */ = {
			isa = PBXGroup;
			children = (
				1B9E281B2A6BCFED00BC652B /* RouterFlow.swift */,
			);
			path = Router;
			sourceTree = "<group>";
		};
		1BB183DA2A69ADDE008F08C9 /* Base */ = {
			isa = PBXGroup;
			children = (
				1BB183DB2A69ADEC008F08C9 /* BaseNavigationController.swift */,
				1BB183E32A69BBB6008F08C9 /* BaseViewController.swift */,
			);
			path = Base;
			sourceTree = "<group>";
		};
		1BB183EF2A69CA6E008F08C9 /* Splash */ = {
			isa = PBXGroup;
			children = (
				1BB183E52A69BD67008F08C9 /* SplashVC.swift */,
				1BB183E62A69BD67008F08C9 /* SplashVC.xib */,
				1B7383D12A6B1FC800EEBC5F /* SplashVM.swift */,
			);
			path = Splash;
			sourceTree = "<group>";
		};
		1BB183F02A69CA74008F08C9 /* SearchMovie */ = {
			isa = PBXGroup;
			children = (
				1BB183E92A69C5E4008F08C9 /* SearchMovieVC.swift */,
				1BB183EA2A69C5E4008F08C9 /* SearchMovieVC.xib */,
				1B9E28122A6BCBCF00BC652B /* SearchMovieVM.swift */,
				1B9E28182A6BCD2900BC652B /* SearchMovieProvider.swift */,
			);
			path = SearchMovie;
			sourceTree = "<group>";
		};
		1BB183F12A69CA79008F08C9 /* MovieDetail */ = {
			isa = PBXGroup;
			children = (
			);
			path = MovieDetail;
			sourceTree = "<group>";
		};
/* End PBXGroup section */

/* Begin PBXNativeTarget section */
		1B334D2F2A69A413007D7BA8 /* OMDB */ = {
			isa = PBXNativeTarget;
			buildConfigurationList = 1B334D442A69A413007D7BA8 /* Build configuration list for PBXNativeTarget "OMDB" */;
			buildPhases = (
				1B334D2C2A69A413007D7BA8 /* Sources */,
				1B334D2D2A69A413007D7BA8 /* Frameworks */,
				1B334D2E2A69A413007D7BA8 /* Resources */,
			);
			buildRules = (
			);
			dependencies = (
			);
			name = OMDB;
			packageProductDependencies = (
				1BB183F62A6B07E7008F08C9 /* Reachability */,
				1B9E281E2A6BD4CF00BC652B /* Lottie */,
			);
			productName = OMDB;
			productReference = 1B334D302A69A413007D7BA8 /* OMDB.app */;
			productType = "com.apple.product-type.application";
		};
/* End PBXNativeTarget section */

/* Begin PBXProject section */
		1B334D282A69A413007D7BA8 /* Project object */ = {
			isa = PBXProject;
			attributes = {
				BuildIndependentTargetsInParallel = 1;
				LastSwiftUpdateCheck = 1430;
				LastUpgradeCheck = 1430;
				TargetAttributes = {
					1B334D2F2A69A413007D7BA8 = {
						CreatedOnToolsVersion = 14.3.1;
					};
				};
			};
			buildConfigurationList = 1B334D2B2A69A413007D7BA8 /* Build configuration list for PBXProject "OMDB" */;
			compatibilityVersion = "Xcode 14.0";
			developmentRegion = en;
			hasScannedForEncodings = 0;
			knownRegions = (
				en,
				Base,
			);
			mainGroup = 1B334D272A69A413007D7BA8;
			packageReferences = (
				1BB183F52A6B07E7008F08C9 /* XCRemoteSwiftPackageReference "Reachability.swift" */,
				1B9E281D2A6BD4CF00BC652B /* XCRemoteSwiftPackageReference "lottie-ios" */,
			);
			productRefGroup = 1B334D312A69A413007D7BA8 /* Products */;
			projectDirPath = "";
			projectRoot = "";
			targets = (
				1B334D2F2A69A413007D7BA8 /* OMDB */,
			);
		};
/* End PBXProject section */

/* Begin PBXResourcesBuildPhase section */
		1B334D2E2A69A413007D7BA8 /* Resources */ = {
			isa = PBXResourcesBuildPhase;
			buildActionMask = 2147483647;
			files = (
				1B334D402A69A413007D7BA8 /* LaunchScreen.storyboard in Resources */,
				1BB183EC2A69C5E4008F08C9 /* SearchMovieVC.xib in Resources */,
				1BB183E82A69BD67008F08C9 /* SplashVC.xib in Resources */,
				1B334D3D2A69A413007D7BA8 /* Assets.xcassets in Resources */,
			);
			runOnlyForDeploymentPostprocessing = 0;
		};
/* End PBXResourcesBuildPhase section */

/* Begin PBXSourcesBuildPhase section */
		1B334D2C2A69A413007D7BA8 /* Sources */ = {
			isa = PBXSourcesBuildPhase;
			buildActionMask = 2147483647;
			files = (
				1B9E28152A6BCC4400BC652B /* SearchMovieUseCase.swift in Sources */,
				1BB183DE2A69AF02008F08C9 /* AppCoordinator.swift in Sources */,
				1BB183E72A69BD67008F08C9 /* SplashVC.swift in Sources */,
				1B9E28112A6BC57E00BC652B /* SearchMovie.swift in Sources */,
				1BB183EB2A69C5E4008F08C9 /* SearchMovieVC.swift in Sources */,
				1BB183E22A69BB5A008F08C9 /* NSObject+Ext.swift in Sources */,
				1BB183D92A69ACA5008F08C9 /* Coordinator.swift in Sources */,
				1B9E28172A6BCC9E00BC652B /* SearchMovieBuilder.swift in Sources */,
				1B9E28132A6BCBCF00BC652B /* SearchMovieVM.swift in Sources */,
				1BB183E42A69BBB6008F08C9 /* BaseViewController.swift in Sources */,
				1BB183EE2A69C70C008F08C9 /* SplashBuilder.swift in Sources */,
				1B334D342A69A413007D7BA8 /* AppDelegate.swift in Sources */,
				1B9E281C2A6BCFED00BC652B /* RouterFlow.swift in Sources */,
				1BB183DC2A69ADEC008F08C9 /* BaseNavigationController.swift in Sources */,
				1BB183F92A6B0806008F08C9 /* ReachabiltyManager.swift in Sources */,
				1B7383D62A6B267A00EEBC5F /* VMHelper.swift in Sources */,
				1B334D362A69A413007D7BA8 /* SceneDelegate.swift in Sources */,
				1B7383D22A6B1FC800EEBC5F /* SplashVM.swift in Sources */,
				1B9E28192A6BCD2900BC652B /* SearchMovieProvider.swift in Sources */,
				1B7383D42A6B238B00EEBC5F /* SplashUseCase.swift in Sources */,
				1B9E280F2A6BC3C900BC652B /* OMDBApı.swift in Sources */,
			);
			runOnlyForDeploymentPostprocessing = 0;
		};
/* End PBXSourcesBuildPhase section */

/* Begin PBXVariantGroup section */
		1B334D3E2A69A413007D7BA8 /* LaunchScreen.storyboard */ = {
			isa = PBXVariantGroup;
			children = (
				1B334D3F2A69A413007D7BA8 /* Base */,
			);
			name = LaunchScreen.storyboard;
			sourceTree = "<group>";
		};
/* End PBXVariantGroup section */

/* Begin XCBuildConfiguration section */
		1B334D422A69A413007D7BA8 /* Debug */ = {
			isa = XCBuildConfiguration;
			buildSettings = {
				ALWAYS_SEARCH_USER_PATHS = NO;
				CLANG_ANALYZER_NONNULL = YES;
				CLANG_ANALYZER_NUMBER_OBJECT_CONVERSION = YES_AGGRESSIVE;
				CLANG_CXX_LANGUAGE_STANDARD = "gnu++20";
				CLANG_ENABLE_MODULES = YES;
				CLANG_ENABLE_OBJC_ARC = YES;
				CLANG_ENABLE_OBJC_WEAK = YES;
				CLANG_WARN_BLOCK_CAPTURE_AUTORELEASING = YES;
				CLANG_WARN_BOOL_CONVERSION = YES;
				CLANG_WARN_COMMA = YES;
				CLANG_WARN_CONSTANT_CONVERSION = YES;
				CLANG_WARN_DEPRECATED_OBJC_IMPLEMENTATIONS = YES;
				CLANG_WARN_DIRECT_OBJC_ISA_USAGE = YES_ERROR;
				CLANG_WARN_DOCUMENTATION_COMMENTS = YES;
				CLANG_WARN_EMPTY_BODY = YES;
				CLANG_WARN_ENUM_CONVERSION = YES;
				CLANG_WARN_INFINITE_RECURSION = YES;
				CLANG_WARN_INT_CONVERSION = YES;
				CLANG_WARN_NON_LITERAL_NULL_CONVERSION = YES;
				CLANG_WARN_OBJC_IMPLICIT_RETAIN_SELF = YES;
				CLANG_WARN_OBJC_LITERAL_CONVERSION = YES;
				CLANG_WARN_OBJC_ROOT_CLASS = YES_ERROR;
				CLANG_WARN_QUOTED_INCLUDE_IN_FRAMEWORK_HEADER = YES;
				CLANG_WARN_RANGE_LOOP_ANALYSIS = YES;
				CLANG_WARN_STRICT_PROTOTYPES = YES;
				CLANG_WARN_SUSPICIOUS_MOVE = YES;
				CLANG_WARN_UNGUARDED_AVAILABILITY = YES_AGGRESSIVE;
				CLANG_WARN_UNREACHABLE_CODE = YES;
				CLANG_WARN__DUPLICATE_METHOD_MATCH = YES;
				COPY_PHASE_STRIP = NO;
				DEBUG_INFORMATION_FORMAT = dwarf;
				ENABLE_STRICT_OBJC_MSGSEND = YES;
				ENABLE_TESTABILITY = YES;
				GCC_C_LANGUAGE_STANDARD = gnu11;
				GCC_DYNAMIC_NO_PIC = NO;
				GCC_NO_COMMON_BLOCKS = YES;
				GCC_OPTIMIZATION_LEVEL = 0;
				GCC_PREPROCESSOR_DEFINITIONS = (
					"DEBUG=1",
					"$(inherited)",
				);
				GCC_WARN_64_TO_32_BIT_CONVERSION = YES;
				GCC_WARN_ABOUT_RETURN_TYPE = YES_ERROR;
				GCC_WARN_UNDECLARED_SELECTOR = YES;
				GCC_WARN_UNINITIALIZED_AUTOS = YES_AGGRESSIVE;
				GCC_WARN_UNUSED_FUNCTION = YES;
				GCC_WARN_UNUSED_VARIABLE = YES;
				IPHONEOS_DEPLOYMENT_TARGET = 16.4;
				MTL_ENABLE_DEBUG_INFO = INCLUDE_SOURCE;
				MTL_FAST_MATH = YES;
				ONLY_ACTIVE_ARCH = YES;
				SDKROOT = iphoneos;
				SWIFT_ACTIVE_COMPILATION_CONDITIONS = DEBUG;
				SWIFT_OPTIMIZATION_LEVEL = "-Onone";
			};
			name = Debug;
		};
		1B334D432A69A413007D7BA8 /* Release */ = {
			isa = XCBuildConfiguration;
			buildSettings = {
				ALWAYS_SEARCH_USER_PATHS = NO;
				CLANG_ANALYZER_NONNULL = YES;
				CLANG_ANALYZER_NUMBER_OBJECT_CONVERSION = YES_AGGRESSIVE;
				CLANG_CXX_LANGUAGE_STANDARD = "gnu++20";
				CLANG_ENABLE_MODULES = YES;
				CLANG_ENABLE_OBJC_ARC = YES;
				CLANG_ENABLE_OBJC_WEAK = YES;
				CLANG_WARN_BLOCK_CAPTURE_AUTORELEASING = YES;
				CLANG_WARN_BOOL_CONVERSION = YES;
				CLANG_WARN_COMMA = YES;
				CLANG_WARN_CONSTANT_CONVERSION = YES;
				CLANG_WARN_DEPRECATED_OBJC_IMPLEMENTATIONS = YES;
				CLANG_WARN_DIRECT_OBJC_ISA_USAGE = YES_ERROR;
				CLANG_WARN_DOCUMENTATION_COMMENTS = YES;
				CLANG_WARN_EMPTY_BODY = YES;
				CLANG_WARN_ENUM_CONVERSION = YES;
				CLANG_WARN_INFINITE_RECURSION = YES;
				CLANG_WARN_INT_CONVERSION = YES;
				CLANG_WARN_NON_LITERAL_NULL_CONVERSION = YES;
				CLANG_WARN_OBJC_IMPLICIT_RETAIN_SELF = YES;
				CLANG_WARN_OBJC_LITERAL_CONVERSION = YES;
				CLANG_WARN_OBJC_ROOT_CLASS = YES_ERROR;
				CLANG_WARN_QUOTED_INCLUDE_IN_FRAMEWORK_HEADER = YES;
				CLANG_WARN_RANGE_LOOP_ANALYSIS = YES;
				CLANG_WARN_STRICT_PROTOTYPES = YES;
				CLANG_WARN_SUSPICIOUS_MOVE = YES;
				CLANG_WARN_UNGUARDED_AVAILABILITY = YES_AGGRESSIVE;
				CLANG_WARN_UNREACHABLE_CODE = YES;
				CLANG_WARN__DUPLICATE_METHOD_MATCH = YES;
				COPY_PHASE_STRIP = NO;
				DEBUG_INFORMATION_FORMAT = "dwarf-with-dsym";
				ENABLE_NS_ASSERTIONS = NO;
				ENABLE_STRICT_OBJC_MSGSEND = YES;
				GCC_C_LANGUAGE_STANDARD = gnu11;
				GCC_NO_COMMON_BLOCKS = YES;
				GCC_WARN_64_TO_32_BIT_CONVERSION = YES;
				GCC_WARN_ABOUT_RETURN_TYPE = YES_ERROR;
				GCC_WARN_UNDECLARED_SELECTOR = YES;
				GCC_WARN_UNINITIALIZED_AUTOS = YES_AGGRESSIVE;
				GCC_WARN_UNUSED_FUNCTION = YES;
				GCC_WARN_UNUSED_VARIABLE = YES;
				IPHONEOS_DEPLOYMENT_TARGET = 16.4;
				MTL_ENABLE_DEBUG_INFO = NO;
				MTL_FAST_MATH = YES;
				SDKROOT = iphoneos;
				SWIFT_COMPILATION_MODE = wholemodule;
				SWIFT_OPTIMIZATION_LEVEL = "-O";
				VALIDATE_PRODUCT = YES;
			};
			name = Release;
		};
		1B334D452A69A413007D7BA8 /* Debug */ = {
			isa = XCBuildConfiguration;
			buildSettings = {
				ASSETCATALOG_COMPILER_APPICON_NAME = AppIcon;
				ASSETCATALOG_COMPILER_GLOBAL_ACCENT_COLOR_NAME = AccentColor;
				CODE_SIGN_IDENTITY = "Apple Development";
				CODE_SIGN_STYLE = Automatic;
				CURRENT_PROJECT_VERSION = 1;
				DEVELOPMENT_TEAM = 75269UYTG4;
				GENERATE_INFOPLIST_FILE = YES;
				INFOPLIST_FILE = OMDB/Info.plist;
				INFOPLIST_KEY_UIApplicationSupportsIndirectInputEvents = YES;
				INFOPLIST_KEY_UILaunchStoryboardName = LaunchScreen;
				INFOPLIST_KEY_UIStatusBarStyle = "";
				INFOPLIST_KEY_UISupportedInterfaceOrientations = UIInterfaceOrientationPortrait;
				INFOPLIST_KEY_UISupportedInterfaceOrientations_iPad = "UIInterfaceOrientationPortrait UIInterfaceOrientationPortraitUpsideDown";
				LD_RUNPATH_SEARCH_PATHS = (
					"$(inherited)",
					"@executable_path/Frameworks",
				);
				MARKETING_VERSION = 1.0;
				PRODUCT_BUNDLE_IDENTIFIER = com.bseyha.OMDB;
				PRODUCT_NAME = "$(TARGET_NAME)";
				PROVISIONING_PROFILE_SPECIFIER = "";
				SWIFT_EMIT_LOC_STRINGS = YES;
				SWIFT_VERSION = 5.0;
				TARGETED_DEVICE_FAMILY = "1,2";
			};
			name = Debug;
		};
		1B334D462A69A413007D7BA8 /* Release */ = {
			isa = XCBuildConfiguration;
			buildSettings = {
				ASSETCATALOG_COMPILER_APPICON_NAME = AppIcon;
				ASSETCATALOG_COMPILER_GLOBAL_ACCENT_COLOR_NAME = AccentColor;
				CODE_SIGN_IDENTITY = "Apple Development";
				CODE_SIGN_STYLE = Automatic;
				CURRENT_PROJECT_VERSION = 1;
				DEVELOPMENT_TEAM = 75269UYTG4;
				GENERATE_INFOPLIST_FILE = YES;
				INFOPLIST_FILE = OMDB/Info.plist;
				INFOPLIST_KEY_UIApplicationSupportsIndirectInputEvents = YES;
				INFOPLIST_KEY_UILaunchStoryboardName = LaunchScreen;
				INFOPLIST_KEY_UIStatusBarStyle = "";
				INFOPLIST_KEY_UISupportedInterfaceOrientations = UIInterfaceOrientationPortrait;
				INFOPLIST_KEY_UISupportedInterfaceOrientations_iPad = "UIInterfaceOrientationPortrait UIInterfaceOrientationPortraitUpsideDown";
				LD_RUNPATH_SEARCH_PATHS = (
					"$(inherited)",
					"@executable_path/Frameworks",
				);
				MARKETING_VERSION = 1.0;
				PRODUCT_BUNDLE_IDENTIFIER = com.bseyha.OMDB;
				PRODUCT_NAME = "$(TARGET_NAME)";
				PROVISIONING_PROFILE_SPECIFIER = "";
				SWIFT_EMIT_LOC_STRINGS = YES;
				SWIFT_VERSION = 5.0;
				TARGETED_DEVICE_FAMILY = "1,2";
			};
			name = Release;
		};
/* End XCBuildConfiguration section */

/* Begin XCConfigurationList section */
		1B334D2B2A69A413007D7BA8 /* Build configuration list for PBXProject "OMDB" */ = {
			isa = XCConfigurationList;
			buildConfigurations = (
				1B334D422A69A413007D7BA8 /* Debug */,
				1B334D432A69A413007D7BA8 /* Release */,
			);
			defaultConfigurationIsVisible = 0;
			defaultConfigurationName = Release;
		};
		1B334D442A69A413007D7BA8 /* Build configuration list for PBXNativeTarget "OMDB" */ = {
			isa = XCConfigurationList;
			buildConfigurations = (
				1B334D452A69A413007D7BA8 /* Debug */,
				1B334D462A69A413007D7BA8 /* Release */,
			);
			defaultConfigurationIsVisible = 0;
			defaultConfigurationName = Release;
		};
/* End XCConfigurationList section */

/* Begin XCRemoteSwiftPackageReference section */
		1B9E281D2A6BD4CF00BC652B /* XCRemoteSwiftPackageReference "lottie-ios" */ = {
			isa = XCRemoteSwiftPackageReference;
			repositoryURL = "https://github.com/airbnb/lottie-ios.git";
			requirement = {
				kind = upToNextMajorVersion;
				minimumVersion = 4.0.0;
			};
		};
		1BB183F52A6B07E7008F08C9 /* XCRemoteSwiftPackageReference "Reachability.swift" */ = {
			isa = XCRemoteSwiftPackageReference;
			repositoryURL = "https://github.com/ashleymills/Reachability.swift.git";
			requirement = {
				branch = master;
				kind = branch;
			};
		};
/* End XCRemoteSwiftPackageReference section */

/* Begin XCSwiftPackageProductDependency section */
		1B9E281E2A6BD4CF00BC652B /* Lottie */ = {
			isa = XCSwiftPackageProductDependency;
			package = 1B9E281D2A6BD4CF00BC652B /* XCRemoteSwiftPackageReference "lottie-ios" */;
			productName = Lottie;
		};
		1BB183F62A6B07E7008F08C9 /* Reachability */ = {
			isa = XCSwiftPackageProductDependency;
			package = 1BB183F52A6B07E7008F08C9 /* XCRemoteSwiftPackageReference "Reachability.swift" */;
			productName = Reachability;
		};
/* End XCSwiftPackageProductDependency section */
	};
	rootObject = 1B334D282A69A413007D7BA8 /* Project object */;
}
